// !$*UTF8*$!
{
	archiveVersion = 1;
	classes = {
	};
	objectVersion = 50;
	objects = {

/* Begin PBXBuildFile section */
		9408BA142285C1CF00E4CBA3 /* AppDelegate.swift in Sources */ = {isa = PBXBuildFile; fileRef = 9408BA132285C1CF00E4CBA3 /* AppDelegate.swift */; };
		9408BA162285C1CF00E4CBA3 /* ViewController.swift in Sources */ = {isa = PBXBuildFile; fileRef = 9408BA152285C1CF00E4CBA3 /* ViewController.swift */; };
		9408BA192285C1CF00E4CBA3 /* Main.storyboard in Resources */ = {isa = PBXBuildFile; fileRef = 9408BA172285C1CF00E4CBA3 /* Main.storyboard */; };
		9408BA1B2285C1D000E4CBA3 /* Assets.xcassets in Resources */ = {isa = PBXBuildFile; fileRef = 9408BA1A2285C1D000E4CBA3 /* Assets.xcassets */; };
		9408BA1E2285C1D000E4CBA3 /* LaunchScreen.storyboard in Resources */ = {isa = PBXBuildFile; fileRef = 9408BA1C2285C1D000E4CBA3 /* LaunchScreen.storyboard */; };
/* End PBXBuildFile section */

/* Begin PBXFileReference section */
		9408BA102285C1CF00E4CBA3 /* Timer120.app */ = {isa = PBXFileReference; explicitFileType = wrapper.application; includeInIndex = 0; path = Timer120.app; sourceTree = BUILT_PRODUCTS_DIR; };
		9408BA132285C1CF00E4CBA3 /* AppDelegate.swift */ = {isa = PBXFileReference; lastKnownFileType = sourcecode.swift; path = AppDelegate.swift; sourceTree = "<group>"; };
		9408BA152285C1CF00E4CBA3 /* ViewController.swift */ = {isa = PBXFileReference; lastKnownFileType = sourcecode.swift; path = ViewController.swift; sourceTree = "<group>"; };
		9408BA182285C1CF00E4CBA3 /* Base */ = {isa = PBXFileReference; lastKnownFileType = file.storyboard; name = Base; path = Base.lproj/Main.storyboard; sourceTree = "<group>"; };
		9408BA1A2285C1D000E4CBA3 /* Assets.xcassets */ = {isa = PBXFileReference; lastKnownFileType = folder.assetcatalog; path = Assets.xcassets; sourceTree = "<group>"; };
		9408BA1D2285C1D000E4CBA3 /* Base */ = {isa = PBXFileReference; lastKnownFileType = file.storyboard; name = Base; path = Base.lproj/LaunchScreen.storyboard; sourceTree = "<group>"; };
		9408BA1F2285C1D000E4CBA3 /* Info.plist */ = {isa = PBXFileReference; lastKnownFileType = text.plist.xml; path = Info.plist; sourceTree = "<group>"; };
/* End PBXFileReference section */

/* Begin PBXFrameworksBuildPhase section */
		9408BA0D2285C1CF00E4CBA3 /* Frameworks */ = {
			isa = PBXFrameworksBuildPhase;
			buildActionMask = 2147483647;
			files = (
			);
			runOnlyForDeploymentPostprocessing = 0;
		};
/* End PBXFrameworksBuildPhase section */

/* Begin PBXGroup section */
		9408BA072285C1CE00E4CBA3 = {
			isa = PBXGroup;
			children = (
				9408BA122285C1CF00E4CBA3 /* Timer120 */,
				9408BA112285C1CF00E4CBA3 /* Products */,
			);
			sourceTree = "<group>";
		};
		9408BA112285C1CF00E4CBA3 /* Products */ = {
			isa = PBXGroup;
			children = (
				9408BA102285C1CF00E4CBA3 /* Timer120.app */,
			);
			name = Products;
			sourceTree = "<group>";
		};
		9408BA122285C1CF00E4CBA3 /* Timer120 */ = {
			isa = PBXGroup;
			children = (
				9408BA132285C1CF00E4CBA3 /* AppDelegate.swift */,
				9408BA152285C1CF00E4CBA3 /* ViewController.swift */,
				9408BA172285C1CF00E4CBA3 /* Main.storyboard */,
				9408BA1A2285C1D000E4CBA3 /* Assets.xcassets */,
				9408BA1C2285C1D000E4CBA3 /* LaunchScreen.storyboard */,
				9408BA1F2285C1D000E4CBA3 /* Info.plist */,
			);
			path = Timer120;
			sourceTree = "<group>";
		};
/* End PBXGroup section */

/* Begin PBXNativeTarget section */
		9408BA0F2285C1CF00E4CBA3 /* Timer120 */ = {
			isa = PBXNativeTarget;
			buildConfigurationList = 9408BA222285C1D000E4CBA3 /* Build configuration list for PBXNativeTarget "Timer120" */;
			buildPhases = (
				9408BA0C2285C1CF00E4CBA3 /* Sources */,
				9408BA0D2285C1CF00E4CBA3 /* Frameworks */,
				9408BA0E2285C1CF00E4CBA3 /* Resources */,
			);
			buildRules = (
			);
			dependencies = (
			);
			name = Timer120;
			productName = Timer120;
			productReference = 9408BA102285C1CF00E4CBA3 /* Timer120.app */;
			productType = "com.apple.product-type.application";
		};
/* End PBXNativeTarget section */

/* Begin PBXProject section */
		9408BA082285C1CE00E4CBA3 /* Project object */ = {
			isa = PBXProject;
			attributes = {
				LastSwiftUpdateCheck = 1020;
				LastUpgradeCheck = 1020;
				ORGANIZATIONNAME = "Back Cove Software, LLC";
				TargetAttributes = {
					9408BA0F2285C1CF00E4CBA3 = {
						CreatedOnToolsVersion = 10.2.1;
					};
				};
			};
			buildConfigurationList = 9408BA0B2285C1CE00E4CBA3 /* Build configuration list for PBXProject "Timer120" */;
			compatibilityVersion = "Xcode 9.3";
			developmentRegion = en;
			hasScannedForEncodings = 0;
			knownRegions = (
				en,
				Base,
			);
			mainGroup = 9408BA072285C1CE00E4CBA3;
			productRefGroup = 9408BA112285C1CF00E4CBA3 /* Products */;
			projectDirPath = "";
			projectRoot = "";
			targets = (
				9408BA0F2285C1CF00E4CBA3 /* Timer120 */,
			);
		};
/* End PBXProject section */

/* Begin PBXResourcesBuildPhase section */
		9408BA0E2285C1CF00E4CBA3 /* Resources */ = {
			isa = PBXResourcesBuildPhase;
			buildActionMask = 2147483647;
			files = (
				9408BA1E2285C1D000E4CBA3 /* LaunchScreen.storyboard in Resources */,
				9408BA1B2285C1D000E4CBA3 /* Assets.xcassets in Resources */,
				9408BA192285C1CF00E4CBA3 /* Main.storyboard in Resources */,
			);
			runOnlyForDeploymentPostprocessing = 0;
		};
/* End PBXResourcesBuildPhase section */

/* Begin PBXSourcesBuildPhase section */
		9408BA0C2285C1CF00E4CBA3 /* Sources */ = {
			isa = PBXSourcesBuildPhase;
			buildActionMask = 2147483647;
			files = (
				9408BA162285C1CF00E4CBA3 /* ViewController.swift in Sources */,
				9408BA142285C1CF00E4CBA3 /* AppDelegate.swift in Sources */,
			);
			runOnlyForDeploymentPostprocessing = 0;
		};
/* End PBXSourcesBuildPhase section */

/* Begin PBXVariantGroup section */
		9408BA172285C1CF00E4CBA3 /* Main.storyboard */ = {
			isa = PBXVariantGroup;
			children = (
				9408BA182285C1CF00E4CBA3 /* Base */,
			);
			name = Main.storyboard;
			sourceTree = "<group>";
		};
		9408BA1C2285C1D000E4CBA3 /* LaunchScreen.storyboard */ = {
			isa = PBXVariantGroup;
			children = (
				9408BA1D2285C1D000E4CBA3 /* Base */,
			);
			name = LaunchScreen.storyboard;
			sourceTree = "<group>";
		};
/* End PBXVariantGroup section */

/* Begin XCBuildConfiguration section */
		9408BA202285C1D000E4CBA3 /* Debug */ = {
			isa = XCBuildConfiguration;
			buildSettings = {
				ALWAYS_SEARCH_USER_PATHS = NO;
				CLANG_ANALYZER_NONNULL = YES;
				CLANG_ANALYZER_NUMBER_OBJECT_CONVERSION = YES_AGGRESSIVE;
				CLANG_CXX_LANGUAGE_STANDARD = "gnu++14";
				CLANG_CXX_LIBRARY = "libc++";
				CLANG_ENABLE_MODULES = YES;
				CLANG_ENABLE_OBJC_ARC = YES;
				CLANG_ENABLE_OBJC_WEAK = YES;
				CLANG_WARN_BLOCK_CAPTURE_AUTORELEASING = YES;
				CLANG_WARN_BOOL_CONVERSION = YES;
				CLANG_WARN_COMMA = YES;
				CLANG_WARN_CONSTANT_CONVERSION = YES;
				CLANG_WARN_DEPRECATED_OBJC_IMPLEMENTATIONS = YES;
				CLANG_WARN_DIRECT_OBJC_ISA_USAGE = YES_ERROR;
				CLANG_WARN_DOCUMENTATION_COMMENTS = YES;
				CLANG_WARN_EMPTY_BODY = YES;
				CLANG_WARN_ENUM_CONVERSION = YES;
				CLANG_WARN_INFINITE_RECURSION = YES;
				CLANG_WARN_INT_CONVERSION = YES;
				CLANG_WARN_NON_LITERAL_NULL_CONVERSION = YES;
				CLANG_WARN_OBJC_IMPLICIT_RETAIN_SELF = YES;
				CLANG_WARN_OBJC_LITERAL_CONVERSION = YES;
				CLANG_WARN_OBJC_ROOT_CLASS = YES_ERROR;
				CLANG_WARN_RANGE_LOOP_ANALYSIS = YES;
				CLANG_WARN_STRICT_PROTOTYPES = YES;
				CLANG_WARN_SUSPICIOUS_MOVE = YES;
				CLANG_WARN_UNGUARDED_AVAILABILITY = YES_AGGRESSIVE;
				CLANG_WARN_UNREACHABLE_CODE = YES;
				CLANG_WARN__DUPLICATE_METHOD_MATCH = YES;
				CODE_SIGN_IDENTITY = "iPhone Developer";
				COPY_PHASE_STRIP = NO;
				DEBUG_INFORMATION_FORMAT = dwarf;
				ENABLE_STRICT_OBJC_MSGSEND = YES;
				ENABLE_TESTABILITY = YES;
				GCC_C_LANGUAGE_STANDARD = gnu11;
				GCC_DYNAMIC_NO_PIC = NO;
				GCC_NO_COMMON_BLOCKS = YES;
				GCC_OPTIMIZATION_LEVEL = 0;
				GCC_PREPROCESSOR_DEFINITIONS = (
					"DEBUG=1",
					"$(inherited)",
				);
				GCC_WARN_64_TO_32_BIT_CONVERSION = YES;
				GCC_WARN_ABOUT_RETURN_TYPE = YES_ERROR;
				GCC_WARN_UNDECLARED_SELECTOR = YES;
				GCC_WARN_UNINITIALIZED_AUTOS = YES_AGGRESSIVE;
				GCC_WARN_UNUSED_FUNCTION = YES;
				GCC_WARN_UNUSED_VARIABLE = YES;
				IPHONEOS_DEPLOYMENT_TARGET = 12.2;
				MTL_ENABLE_DEBUG_INFO = INCLUDE_SOURCE;
				MTL_FAST_MATH = YES;
				ONLY_ACTIVE_ARCH = YES;
				SDKROOT = iphoneos;
				SWIFT_ACTIVE_COMPILATION_CONDITIONS = DEBUG;
				SWIFT_OPTIMIZATION_LEVEL = "-Onone";
			};
			name = Debug;
		};
		9408BA212285C1D000E4CBA3 /* Release */ = {
			isa = XCBuildConfiguration;
			buildSettings = {
				ALWAYS_SEARCH_USER_PATHS = NO;
				CLANG_ANALYZER_NONNULL = YES;
				CLANG_ANALYZER_NUMBER_OBJECT_CONVERSION = YES_AGGRESSIVE;
				CLANG_CXX_LANGUAGE_STANDARD = "gnu++14";
				CLANG_CXX_LIBRARY = "libc++";
				CLANG_ENABLE_MODULES = YES;
				CLANG_ENABLE_OBJC_ARC = YES;
				CLANG_ENABLE_OBJC_WEAK = YES;
				CLANG_WARN_BLOCK_CAPTURE_AUTORELEASING = YES;
				CLANG_WARN_BOOL_CONVERSION = YES;
				CLANG_WARN_COMMA = YES;
				CLANG_WARN_CONSTANT_CONVERSION = YES;
				CLANG_WARN_DEPRECATED_OBJC_IMPLEMENTATIONS = YES;
				CLANG_WARN_DIRECT_OBJC_ISA_USAGE = YES_ERROR;
				CLANG_WARN_DOCUMENTATION_COMMENTS = YES;
				CLANG_WARN_EMPTY_BODY = YES;
				CLANG_WARN_ENUM_CONVERSION = YES;
				CLANG_WARN_INFINITE_RECURSION = YES;
				CLANG_WARN_INT_CONVERSION = YES;
				CLANG_WARN_NON_LITERAL_NULL_CONVERSION = YES;
				CLANG_WARN_OBJC_IMPLICIT_RETAIN_SELF = YES;
				CLANG_WARN_OBJC_LITERAL_CONVERSION = YES;
				CLANG_WARN_OBJC_ROOT_CLASS = YES_ERROR;
				CLANG_WARN_RANGE_LOOP_ANALYSIS = YES;
				CLANG_WARN_STRICT_PROTOTYPES = YES;
				CLANG_WARN_SUSPICIOUS_MOVE = YES;
				CLANG_WARN_UNGUARDED_AVAILABILITY = YES_AGGRESSIVE;
				CLANG_WARN_UNREACHABLE_CODE = YES;
				CLANG_WARN__DUPLICATE_METHOD_MATCH = YES;
				CODE_SIGN_IDENTITY = "iPhone Developer";
				COPY_PHASE_STRIP = NO;
				DEBUG_INFORMATION_FORMAT = "dwarf-with-dsym";
				ENABLE_NS_ASSERTIONS = NO;
				ENABLE_STRICT_OBJC_MSGSEND = YES;
				GCC_C_LANGUAGE_STANDARD = gnu11;
				GCC_NO_COMMON_BLOCKS = YES;
				GCC_WARN_64_TO_32_BIT_CONVERSION = YES;
				GCC_WARN_ABOUT_RETURN_TYPE = YES_ERROR;
				GCC_WARN_UNDECLARED_SELECTOR = YES;
				GCC_WARN_UNINITIALIZED_AUTOS = YES_AGGRESSIVE;
				GCC_WARN_UNUSED_FUNCTION = YES;
				GCC_WARN_UNUSED_VARIABLE = YES;
				IPHONEOS_DEPLOYMENT_TARGET = 12.2;
				MTL_ENABLE_DEBUG_INFO = NO;
				MTL_FAST_MATH = YES;
				SDKROOT = iphoneos;
				SWIFT_COMPILATION_MODE = wholemodule;
				SWIFT_OPTIMIZATION_LEVEL = "-O";
				VALIDATE_PRODUCT = YES;
			};
			name = Release;
		};
		9408BA232285C1D000E4CBA3 /* Debug */ = {
			isa = XCBuildConfiguration;
			buildSettings = {
				ASSETCATALOG_COMPILER_APPICON_NAME = AppIcon;
				CODE_SIGN_STYLE = Automatic;
				DEVELOPMENT_TEAM = 9VZMQBA2PV;
				INFOPLIST_FILE = Timer120/Info.plist;
				LD_RUNPATH_SEARCH_PATHS = (
					"$(inherited)",
					"@executable_path/Frameworks",
				);
				PRODUCT_BUNDLE_IDENTIFIER = com.backcovesoftware.Timer120;
				PRODUCT_NAME = "$(TARGET_NAME)";
				SWIFT_VERSION = 5.0;
				TARGETED_DEVICE_FAMILY = "1,2";
			};
			name = Debug;
		};
		9408BA242285C1D000E4CBA3 /* Release */ = {
			isa = XCBuildConfiguration;
			buildSettings = {
				ASSETCATALOG_COMPILER_APPICON_NAME = AppIcon;
				CODE_SIGN_STYLE = Automatic;
				DEVELOPMENT_TEAM = 9VZMQBA2PV;
				INFOPLIST_FILE = Timer120/Info.plist;
				LD_RUNPATH_SEARCH_PATHS = (
					"$(inherited)",
					"@executable_path/Frameworks",
				);
				PRODUCT_BUNDLE_IDENTIFIER = com.backcovesoftware.Timer120;
				PRODUCT_NAME = "$(TARGET_NAME)";
				SWIFT_VERSION = 5.0;
				TARGETED_DEVICE_FAMILY = "1,2";
			};
			name = Release;
		};
/* End XCBuildConfiguration section */

/* Begin XCConfigurationList section */
		9408BA0B2285C1CE00E4CBA3 /* Build configuration list for PBXProject "Timer120" */ = {
			isa = XCConfigurationList;
			buildConfigurations = (
				9408BA202285C1D000E4CBA3 /* Debug */,
				9408BA212285C1D000E4CBA3 /* Release */,
			);
			defaultConfigurationIsVisible = 0;
			defaultConfigurationName = Release;
		};
		9408BA222285C1D000E4CBA3 /* Build configuration list for PBXNativeTarget "Timer120" */ = {
			isa = XCConfigurationList;
			buildConfigurations = (
				9408BA232285C1D000E4CBA3 /* Debug */,
				9408BA242285C1D000E4CBA3 /* Release */,
			);
			defaultConfigurationIsVisible = 0;
			defaultConfigurationName = Release;
		};
/* End XCConfigurationList section */
	};
	rootObject = 9408BA082285C1CE00E4CBA3 /* Project object */;
}
